
Microsoft Visual Studio Solution File, Format Version 12.00
# Visual Studio Version 17
VisualStudioVersion = 17.3.32804.467
MinimumVisualStudioVersion = 10.0.40219.1
Project("{9A19103F-16F7-4668-BE54-9A1E7A4F7556}") = "Task1_2", "Task1_2\Task1_2.csproj", "{BFBDB286-CEF7-4100-9E0C-C5583E9F6B2C}"
EndProject
Project("{9A19103F-16F7-4668-BE54-9A1E7A4F7556}") = "Task1_1", "Task1_1\Task1_1.csproj", "{D1A4E51C-BE77-4865-B800-72DDDB905930}"
EndProject
Project("{9A19103F-16F7-4668-BE54-9A1E7A4F7556}") = "Task1_3", "Task1_3\Task1_3.csproj", "{AD92F506-825C-4BF5-9AB1-CC99183BC6E2}"
EndProject
Project("{9A19103F-16F7-4668-BE54-9A1E7A4F7556}") = "Task2_3", "Task2_3\Task2_3.csproj", "{9400A941-4E38-47FE-B9E0-9FF7CDBBF98E}"
EndProject
Project("{9A19103F-16F7-4668-BE54-9A1E7A4F7556}") = "Task3_1", "Task3_1\Task3_1.csproj", "{E99CE3E4-F7A4-4730-BF2F-64305B5B8675}"
EndProject
Project("{FAE04EC0-301F-11D3-BF4B-00C04F79EFBC}") = "Task3_2", "Task3_2\Task3_2.csproj", "{F2ABFF51-2D23-4884-AB9A-BE8A1E10B82C}"
EndProject
Project("{9A19103F-16F7-4668-BE54-9A1E7A4F7556}") = "Task4_6", "Task4_6\Task4_6.csproj", "{EC401ACC-F894-400D-B2F1-9030B6D012F6}"
EndProject
Project("{9A19103F-16F7-4668-BE54-9A1E7A4F7556}") = "Task4_5", "Task4_5\Task4_5.csproj", "{9CD7F29A-13C8-4807-A01E-A88B95C5C14D}"
EndProject
Project("{9A19103F-16F7-4668-BE54-9A1E7A4F7556}") = "Task4_4", "Task4_4\Task4_4.csproj", "{B6A6B97F-5281-446E-81D2-B9B497FFB161}"
EndProject
Project("{9A19103F-16F7-4668-BE54-9A1E7A4F7556}") = "Task4_3", "Task4_3\Task4_3.csproj", "{7896B86A-2B3A-46FA-BB9B-DE0D44036AA9}"
EndProject
Project("{9A19103F-16F7-4668-BE54-9A1E7A4F7556}") = "Task4_2", "Task4_2\Task4_2.csproj", "{09A0468B-58C8-4A72-B4D6-F18DCE911FC1}"
EndProject
Project("{9A19103F-16F7-4668-BE54-9A1E7A4F7556}") = "Task4_1", "Task4_1\Task4_1.csproj", "{596BB23D-0F64-4CEB-9099-2166E3881D84}"
EndProject
Project("{FAE04EC0-301F-11D3-BF4B-00C04F79EFBC}") = "Task5_1", "Task5_1\Task5_1.csproj", "{984956A3-BD01-4092-815B-C7C60E6A3F97}"
EndProject
Project("{FAE04EC0-301F-11D3-BF4B-00C04F79EFBC}") = "Task5_2", "Task5_2\Task5_2.csproj", "{91CB5445-48D4-4EDD-B09C-9C489BBBDF19}"
EndProject
Global
	GlobalSection(SolutionConfigurationPlatforms) = preSolution
		Debug|Any CPU = Debug|Any CPU
		Release|Any CPU = Release|Any CPU
	EndGlobalSection
	GlobalSection(ProjectConfigurationPlatforms) = postSolution
		{BFBDB286-CEF7-4100-9E0C-C5583E9F6B2C}.Debug|Any CPU.ActiveCfg = Debug|Any CPU
		{BFBDB286-CEF7-4100-9E0C-C5583E9F6B2C}.Debug|Any CPU.Build.0 = Debug|Any CPU
		{BFBDB286-CEF7-4100-9E0C-C5583E9F6B2C}.Release|Any CPU.ActiveCfg = Release|Any CPU
		{BFBDB286-CEF7-4100-9E0C-C5583E9F6B2C}.Release|Any CPU.Build.0 = Release|Any CPU
		{D1A4E51C-BE77-4865-B800-72DDDB905930}.Debug|Any CPU.ActiveCfg = Debug|Any CPU
		{D1A4E51C-BE77-4865-B800-72DDDB905930}.Debug|Any CPU.Build.0 = Debug|Any CPU
		{D1A4E51C-BE77-4865-B800-72DDDB905930}.Release|Any CPU.ActiveCfg = Release|Any CPU
		{D1A4E51C-BE77-4865-B800-72DDDB905930}.Release|Any CPU.Build.0 = Release|Any CPU
		{AD92F506-825C-4BF5-9AB1-CC99183BC6E2}.Debug|Any CPU.ActiveCfg = Debug|Any CPU
		{AD92F506-825C-4BF5-9AB1-CC99183BC6E2}.Debug|Any CPU.Build.0 = Debug|Any CPU
		{AD92F506-825C-4BF5-9AB1-CC99183BC6E2}.Release|Any CPU.ActiveCfg = Release|Any CPU
		{AD92F506-825C-4BF5-9AB1-CC99183BC6E2}.Release|Any CPU.Build.0 = Release|Any CPU
		{9400A941-4E38-47FE-B9E0-9FF7CDBBF98E}.Debug|Any CPU.ActiveCfg = Debug|Any CPU
		{9400A941-4E38-47FE-B9E0-9FF7CDBBF98E}.Debug|Any CPU.Build.0 = Debug|Any CPU
		{9400A941-4E38-47FE-B9E0-9FF7CDBBF98E}.Release|Any CPU.ActiveCfg = Release|Any CPU
		{9400A941-4E38-47FE-B9E0-9FF7CDBBF98E}.Release|Any CPU.Build.0 = Release|Any CPU
		{E99CE3E4-F7A4-4730-BF2F-64305B5B8675}.Debug|Any CPU.ActiveCfg = Debug|Any CPU
		{E99CE3E4-F7A4-4730-BF2F-64305B5B8675}.Debug|Any CPU.Build.0 = Debug|Any CPU
		{E99CE3E4-F7A4-4730-BF2F-64305B5B8675}.Release|Any CPU.ActiveCfg = Release|Any CPU
		{E99CE3E4-F7A4-4730-BF2F-64305B5B8675}.Release|Any CPU.Build.0 = Release|Any CPU
		{F2ABFF51-2D23-4884-AB9A-BE8A1E10B82C}.Debug|Any CPU.ActiveCfg = Debug|Any CPU
		{F2ABFF51-2D23-4884-AB9A-BE8A1E10B82C}.Debug|Any CPU.Build.0 = Debug|Any CPU
		{F2ABFF51-2D23-4884-AB9A-BE8A1E10B82C}.Release|Any CPU.ActiveCfg = Release|Any CPU
		{F2ABFF51-2D23-4884-AB9A-BE8A1E10B82C}.Release|Any CPU.Build.0 = Release|Any CPU
		{EC401ACC-F894-400D-B2F1-9030B6D012F6}.Debug|Any CPU.ActiveCfg = Debug|Any CPU
		{EC401ACC-F894-400D-B2F1-9030B6D012F6}.Debug|Any CPU.Build.0 = Debug|Any CPU
		{EC401ACC-F894-400D-B2F1-9030B6D012F6}.Release|Any CPU.ActiveCfg = Release|Any CPU
		{EC401ACC-F894-400D-B2F1-9030B6D012F6}.Release|Any CPU.Build.0 = Release|Any CPU
		{9CD7F29A-13C8-4807-A01E-A88B95C5C14D}.Debug|Any CPU.ActiveCfg = Debug|Any CPU
		{9CD7F29A-13C8-4807-A01E-A88B95C5C14D}.Debug|Any CPU.Build.0 = Debug|Any CPU
		{9CD7F29A-13C8-4807-A01E-A88B95C5C14D}.Release|Any CPU.ActiveCfg = Release|Any CPU
		{9CD7F29A-13C8-4807-A01E-A88B95C5C14D}.Release|Any CPU.Build.0 = Release|Any CPU
		{B6A6B97F-5281-446E-81D2-B9B497FFB161}.Debug|Any CPU.ActiveCfg = Debug|Any CPU
		{B6A6B97F-5281-446E-81D2-B9B497FFB161}.Debug|Any CPU.Build.0 = Debug|Any CPU
		{B6A6B97F-5281-446E-81D2-B9B497FFB161}.Release|Any CPU.ActiveCfg = Release|Any CPU
		{B6A6B97F-5281-446E-81D2-B9B497FFB161}.Release|Any CPU.Build.0 = Release|Any CPU
		{7896B86A-2B3A-46FA-BB9B-DE0D44036AA9}.Debug|Any CPU.ActiveCfg = Debug|Any CPU
		{7896B86A-2B3A-46FA-BB9B-DE0D44036AA9}.Debug|Any CPU.Build.0 = Debug|Any CPU
		{7896B86A-2B3A-46FA-BB9B-DE0D44036AA9}.Release|Any CPU.ActiveCfg = Release|Any CPU
		{7896B86A-2B3A-46FA-BB9B-DE0D44036AA9}.Release|Any CPU.Build.0 = Release|Any CPU
		{09A0468B-58C8-4A72-B4D6-F18DCE911FC1}.Debug|Any CPU.ActiveCfg = Debug|Any CPU
		{09A0468B-58C8-4A72-B4D6-F18DCE911FC1}.Debug|Any CPU.Build.0 = Debug|Any CPU
		{09A0468B-58C8-4A72-B4D6-F18DCE911FC1}.Release|Any CPU.ActiveCfg = Release|Any CPU
		{09A0468B-58C8-4A72-B4D6-F18DCE911FC1}.Release|Any CPU.Build.0 = Release|Any CPU
		{596BB23D-0F64-4CEB-9099-2166E3881D84}.Debug|Any CPU.ActiveCfg = Debug|Any CPU
		{596BB23D-0F64-4CEB-9099-2166E3881D84}.Debug|Any CPU.Build.0 = Debug|Any CPU
		{596BB23D-0F64-4CEB-9099-2166E3881D84}.Release|Any CPU.ActiveCfg = Release|Any CPU
		{596BB23D-0F64-4CEB-9099-2166E3881D84}.Release|Any CPU.Build.0 = Release|Any CPU
		{984956A3-BD01-4092-815B-C7C60E6A3F97}.Debug|Any CPU.ActiveCfg = Debug|Any CPU
		{984956A3-BD01-4092-815B-C7C60E6A3F97}.Debug|Any CPU.Build.0 = Debug|Any CPU
		{984956A3-BD01-4092-815B-C7C60E6A3F97}.Release|Any CPU.ActiveCfg = Release|Any CPU
		{984956A3-BD01-4092-815B-C7C60E6A3F97}.Release|Any CPU.Build.0 = Release|Any CPU
		{91CB5445-48D4-4EDD-B09C-9C489BBBDF19}.Debug|Any CPU.ActiveCfg = Debug|Any CPU
		{91CB5445-48D4-4EDD-B09C-9C489BBBDF19}.Debug|Any CPU.Build.0 = Debug|Any CPU
		{91CB5445-48D4-4EDD-B09C-9C489BBBDF19}.Release|Any CPU.ActiveCfg = Release|Any CPU
		{91CB5445-48D4-4EDD-B09C-9C489BBBDF19}.Release|Any CPU.Build.0 = Release|Any CPU
	EndGlobalSection
	GlobalSection(SolutionProperties) = preSolution
		HideSolutionNode = FALSE
	EndGlobalSection
	GlobalSection(ExtensibilityGlobals) = postSolution
		SolutionGuid = {C9C4B96F-AF2C-4F34-BD1B-99BB8D37D3BA}
	EndGlobalSection
EndGlobal
