
Microsoft Visual Studio Solution File, Format Version 12.00
# Visual Studio Version 17
VisualStudioVersion = 17.3.32804.467
MinimumVisualStudioVersion = 10.0.40219.1
Project("{9A19103F-16F7-4668-BE54-9A1E7A4F7556}") = "Task1_2", "Task1_2\Task1_2.csproj", "{BFBDB286-CEF7-4100-9E0C-C5583E9F6B2C}"
EndProject
Project("{9A19103F-16F7-4668-BE54-9A1E7A4F7556}") = "Task1_1", "Task1_1\Task1_1.csproj", "{D1A4E51C-BE77-4865-B800-72DDDB905930}"
EndProject
Project("{9A19103F-16F7-4668-BE54-9A1E7A4F7556}") = "Task1_3", "Task1_3\Task1_3.csproj", "{AD92F506-825C-4BF5-9AB1-CC99183BC6E2}"
EndProject
Project("{9A19103F-16F7-4668-BE54-9A1E7A4F7556}") = "Task2_3", "Task2_3\Task2_3.csproj", "{9400A941-4E38-47FE-B9E0-9FF7CDBBF98E}"
EndProject
Project("{9A19103F-16F7-4668-BE54-9A1E7A4F7556}") = "Task3_1", "Task3_1\Task3_1.csproj", "{E99CE3E4-F7A4-4730-BF2F-64305B5B8675}"
EndProject
Project("{FAE04EC0-301F-11D3-BF4B-00C04F79EFBC}") = "Task3_2", "Task3_2\Task3_2.csproj", "{F2ABFF51-2D23-4884-AB9A-BE8A1E10B82C}"
EndProject
Project("{9A19103F-16F7-4668-BE54-9A1E7A4F7556}") = "Task8_1", "Task8_1\Task8_1.csproj", "{9CFEC9FB-460E-4C95-859B-913DC9FE547D}"
EndProject
Project("{9A19103F-16F7-4668-BE54-9A1E7A4F7556}") = "Task8_4", "Task8_4\Task8_4.csproj", "{62490E50-69ED-43E2-9290-994B9F51F100}"
EndProject
Project("{FAE04EC0-301F-11D3-BF4B-00C04F79EFBC}") = "Task8_2", "Task8_2\Task8_2.csproj", "{3B5C8F55-E0B6-400E-A63C-77BCC96EA417}"
EndProject
Project("{9A19103F-16F7-4668-BE54-9A1E7A4F7556}") = "Task8_3", "Task8_3\Task8_3.csproj", "{CC17AA44-7379-49DC-A898-67A875DD45F2}"
EndProject
Project("{9A19103F-16F7-4668-BE54-9A1E7A4F7556}") = "Task8_4-2", "Task8_4-2\Task8_4-2.csproj", "{17E1BDCC-CBC5-4CDE-B88F-A5B85B22E9EB}"
EndProject
Project("{9A19103F-16F7-4668-BE54-9A1E7A4F7556}") = "Task9_3", "Task9_3\Task9_3.csproj", "{ED04ADD1-3A26-40D4-9727-99679B018547}"
EndProject
Project("{9A19103F-16F7-4668-BE54-9A1E7A4F7556}") = "Task9_1", "Task9_1\Task9_1.csproj", "{BEAF1459-B87B-4FFE-B38C-1BB5FCF57CAF}"
EndProject
Project("{9A19103F-16F7-4668-BE54-9A1E7A4F7556}") = "Task9_2", "Task9_2\Task9_2.csproj", "{F0478640-469A-481A-B9C9-A44A08B30613}"
EndProject
Project("{9A19103F-16F7-4668-BE54-9A1E7A4F7556}") = "Task10_1-4", "Task10_3\Task10_1-4.csproj", "{C61AF2F8-F492-4EA4-A9F0-BFC952F59BF5}"
EndProject
Project("{9A19103F-16F7-4668-BE54-9A1E7A4F7556}") = "Task10_5", "Task10_5\Task10_5.csproj", "{4C23BFAE-E2E6-469E-8BA8-5E20C0933C8B}"
EndProject
Project("{9A19103F-16F7-4668-BE54-9A1E7A4F7556}") = "Task11_5", "Task11_5\Task11_5.csproj", "{3ED1B5F7-2A86-4210-9849-CE18A661BE21}"
EndProject
Project("{FAE04EC0-301F-11D3-BF4B-00C04F79EFBC}") = "Task12_1", "Task12_1\Task12_1.csproj", "{C0F35DD1-A9C3-4686-93B7-4CB3D35B9BE5}"
EndProject
Project("{FAE04EC0-301F-11D3-BF4B-00C04F79EFBC}") = "Task12_1_LINQ", "Task12_1_LINQ\Task12_1_LINQ.csproj", "{1E3D7B06-3EC5-4C04-A276-E3E7445E685A}"
EndProject
Project("{9A19103F-16F7-4668-BE54-9A1E7A4F7556}") = "Task12_3", "Task12_3\Task12_3.csproj", "{C0B0C4CD-B47E-4C8B-A174-6076B2C586F5}"
EndProject
Global
	GlobalSection(SolutionConfigurationPlatforms) = preSolution
		Debug|Any CPU = Debug|Any CPU
		Release|Any CPU = Release|Any CPU
	EndGlobalSection
	GlobalSection(ProjectConfigurationPlatforms) = postSolution
		{BFBDB286-CEF7-4100-9E0C-C5583E9F6B2C}.Debug|Any CPU.ActiveCfg = Debug|Any CPU
		{BFBDB286-CEF7-4100-9E0C-C5583E9F6B2C}.Debug|Any CPU.Build.0 = Debug|Any CPU
		{BFBDB286-CEF7-4100-9E0C-C5583E9F6B2C}.Release|Any CPU.ActiveCfg = Release|Any CPU
		{BFBDB286-CEF7-4100-9E0C-C5583E9F6B2C}.Release|Any CPU.Build.0 = Release|Any CPU
		{D1A4E51C-BE77-4865-B800-72DDDB905930}.Debug|Any CPU.ActiveCfg = Debug|Any CPU
		{D1A4E51C-BE77-4865-B800-72DDDB905930}.Debug|Any CPU.Build.0 = Debug|Any CPU
		{D1A4E51C-BE77-4865-B800-72DDDB905930}.Release|Any CPU.ActiveCfg = Release|Any CPU
		{D1A4E51C-BE77-4865-B800-72DDDB905930}.Release|Any CPU.Build.0 = Release|Any CPU
		{AD92F506-825C-4BF5-9AB1-CC99183BC6E2}.Debug|Any CPU.ActiveCfg = Debug|Any CPU
		{AD92F506-825C-4BF5-9AB1-CC99183BC6E2}.Debug|Any CPU.Build.0 = Debug|Any CPU
		{AD92F506-825C-4BF5-9AB1-CC99183BC6E2}.Release|Any CPU.ActiveCfg = Release|Any CPU
		{AD92F506-825C-4BF5-9AB1-CC99183BC6E2}.Release|Any CPU.Build.0 = Release|Any CPU
		{9400A941-4E38-47FE-B9E0-9FF7CDBBF98E}.Debug|Any CPU.ActiveCfg = Debug|Any CPU
		{9400A941-4E38-47FE-B9E0-9FF7CDBBF98E}.Debug|Any CPU.Build.0 = Debug|Any CPU
		{9400A941-4E38-47FE-B9E0-9FF7CDBBF98E}.Release|Any CPU.ActiveCfg = Release|Any CPU
		{9400A941-4E38-47FE-B9E0-9FF7CDBBF98E}.Release|Any CPU.Build.0 = Release|Any CPU
		{E99CE3E4-F7A4-4730-BF2F-64305B5B8675}.Debug|Any CPU.ActiveCfg = Debug|Any CPU
		{E99CE3E4-F7A4-4730-BF2F-64305B5B8675}.Debug|Any CPU.Build.0 = Debug|Any CPU
		{E99CE3E4-F7A4-4730-BF2F-64305B5B8675}.Release|Any CPU.ActiveCfg = Release|Any CPU
		{E99CE3E4-F7A4-4730-BF2F-64305B5B8675}.Release|Any CPU.Build.0 = Release|Any CPU
		{F2ABFF51-2D23-4884-AB9A-BE8A1E10B82C}.Debug|Any CPU.ActiveCfg = Debug|Any CPU
		{F2ABFF51-2D23-4884-AB9A-BE8A1E10B82C}.Debug|Any CPU.Build.0 = Debug|Any CPU
		{F2ABFF51-2D23-4884-AB9A-BE8A1E10B82C}.Release|Any CPU.ActiveCfg = Release|Any CPU
		{F2ABFF51-2D23-4884-AB9A-BE8A1E10B82C}.Release|Any CPU.Build.0 = Release|Any CPU
		{9CFEC9FB-460E-4C95-859B-913DC9FE547D}.Debug|Any CPU.ActiveCfg = Debug|Any CPU
		{9CFEC9FB-460E-4C95-859B-913DC9FE547D}.Debug|Any CPU.Build.0 = Debug|Any CPU
		{9CFEC9FB-460E-4C95-859B-913DC9FE547D}.Release|Any CPU.ActiveCfg = Release|Any CPU
		{9CFEC9FB-460E-4C95-859B-913DC9FE547D}.Release|Any CPU.Build.0 = Release|Any CPU
		{62490E50-69ED-43E2-9290-994B9F51F100}.Debug|Any CPU.ActiveCfg = Debug|Any CPU
		{62490E50-69ED-43E2-9290-994B9F51F100}.Debug|Any CPU.Build.0 = Debug|Any CPU
		{62490E50-69ED-43E2-9290-994B9F51F100}.Release|Any CPU.ActiveCfg = Release|Any CPU
		{62490E50-69ED-43E2-9290-994B9F51F100}.Release|Any CPU.Build.0 = Release|Any CPU
		{3B5C8F55-E0B6-400E-A63C-77BCC96EA417}.Debug|Any CPU.ActiveCfg = Debug|Any CPU
		{3B5C8F55-E0B6-400E-A63C-77BCC96EA417}.Debug|Any CPU.Build.0 = Debug|Any CPU
		{3B5C8F55-E0B6-400E-A63C-77BCC96EA417}.Release|Any CPU.ActiveCfg = Release|Any CPU
		{3B5C8F55-E0B6-400E-A63C-77BCC96EA417}.Release|Any CPU.Build.0 = Release|Any CPU
		{CC17AA44-7379-49DC-A898-67A875DD45F2}.Debug|Any CPU.ActiveCfg = Debug|Any CPU
		{CC17AA44-7379-49DC-A898-67A875DD45F2}.Debug|Any CPU.Build.0 = Debug|Any CPU
		{CC17AA44-7379-49DC-A898-67A875DD45F2}.Release|Any CPU.ActiveCfg = Release|Any CPU
		{CC17AA44-7379-49DC-A898-67A875DD45F2}.Release|Any CPU.Build.0 = Release|Any CPU
		{17E1BDCC-CBC5-4CDE-B88F-A5B85B22E9EB}.Debug|Any CPU.ActiveCfg = Debug|Any CPU
		{17E1BDCC-CBC5-4CDE-B88F-A5B85B22E9EB}.Debug|Any CPU.Build.0 = Debug|Any CPU
		{17E1BDCC-CBC5-4CDE-B88F-A5B85B22E9EB}.Release|Any CPU.ActiveCfg = Release|Any CPU
		{17E1BDCC-CBC5-4CDE-B88F-A5B85B22E9EB}.Release|Any CPU.Build.0 = Release|Any CPU
		{ED04ADD1-3A26-40D4-9727-99679B018547}.Debug|Any CPU.ActiveCfg = Debug|Any CPU
		{ED04ADD1-3A26-40D4-9727-99679B018547}.Debug|Any CPU.Build.0 = Debug|Any CPU
		{ED04ADD1-3A26-40D4-9727-99679B018547}.Release|Any CPU.ActiveCfg = Release|Any CPU
		{ED04ADD1-3A26-40D4-9727-99679B018547}.Release|Any CPU.Build.0 = Release|Any CPU
		{BEAF1459-B87B-4FFE-B38C-1BB5FCF57CAF}.Debug|Any CPU.ActiveCfg = Debug|Any CPU
		{BEAF1459-B87B-4FFE-B38C-1BB5FCF57CAF}.Debug|Any CPU.Build.0 = Debug|Any CPU
		{BEAF1459-B87B-4FFE-B38C-1BB5FCF57CAF}.Release|Any CPU.ActiveCfg = Release|Any CPU
		{BEAF1459-B87B-4FFE-B38C-1BB5FCF57CAF}.Release|Any CPU.Build.0 = Release|Any CPU
		{F0478640-469A-481A-B9C9-A44A08B30613}.Debug|Any CPU.ActiveCfg = Debug|Any CPU
		{F0478640-469A-481A-B9C9-A44A08B30613}.Debug|Any CPU.Build.0 = Debug|Any CPU
		{F0478640-469A-481A-B9C9-A44A08B30613}.Release|Any CPU.ActiveCfg = Release|Any CPU
		{F0478640-469A-481A-B9C9-A44A08B30613}.Release|Any CPU.Build.0 = Release|Any CPU
		{C61AF2F8-F492-4EA4-A9F0-BFC952F59BF5}.Debug|Any CPU.ActiveCfg = Debug|Any CPU
		{C61AF2F8-F492-4EA4-A9F0-BFC952F59BF5}.Debug|Any CPU.Build.0 = Debug|Any CPU
		{C61AF2F8-F492-4EA4-A9F0-BFC952F59BF5}.Release|Any CPU.ActiveCfg = Release|Any CPU
		{C61AF2F8-F492-4EA4-A9F0-BFC952F59BF5}.Release|Any CPU.Build.0 = Release|Any CPU
		{4C23BFAE-E2E6-469E-8BA8-5E20C0933C8B}.Debug|Any CPU.ActiveCfg = Debug|Any CPU
		{4C23BFAE-E2E6-469E-8BA8-5E20C0933C8B}.Debug|Any CPU.Build.0 = Debug|Any CPU
		{4C23BFAE-E2E6-469E-8BA8-5E20C0933C8B}.Release|Any CPU.ActiveCfg = Release|Any CPU
		{4C23BFAE-E2E6-469E-8BA8-5E20C0933C8B}.Release|Any CPU.Build.0 = Release|Any CPU
		{3ED1B5F7-2A86-4210-9849-CE18A661BE21}.Debug|Any CPU.ActiveCfg = Debug|Any CPU
		{3ED1B5F7-2A86-4210-9849-CE18A661BE21}.Debug|Any CPU.Build.0 = Debug|Any CPU
		{3ED1B5F7-2A86-4210-9849-CE18A661BE21}.Release|Any CPU.ActiveCfg = Release|Any CPU
		{3ED1B5F7-2A86-4210-9849-CE18A661BE21}.Release|Any CPU.Build.0 = Release|Any CPU
		{C0F35DD1-A9C3-4686-93B7-4CB3D35B9BE5}.Debug|Any CPU.ActiveCfg = Debug|Any CPU
		{C0F35DD1-A9C3-4686-93B7-4CB3D35B9BE5}.Debug|Any CPU.Build.0 = Debug|Any CPU
		{C0F35DD1-A9C3-4686-93B7-4CB3D35B9BE5}.Release|Any CPU.ActiveCfg = Release|Any CPU
		{C0F35DD1-A9C3-4686-93B7-4CB3D35B9BE5}.Release|Any CPU.Build.0 = Release|Any CPU
		{1E3D7B06-3EC5-4C04-A276-E3E7445E685A}.Debug|Any CPU.ActiveCfg = Debug|Any CPU
		{1E3D7B06-3EC5-4C04-A276-E3E7445E685A}.Debug|Any CPU.Build.0 = Debug|Any CPU
		{1E3D7B06-3EC5-4C04-A276-E3E7445E685A}.Release|Any CPU.ActiveCfg = Release|Any CPU
		{1E3D7B06-3EC5-4C04-A276-E3E7445E685A}.Release|Any CPU.Build.0 = Release|Any CPU
		{C0B0C4CD-B47E-4C8B-A174-6076B2C586F5}.Debug|Any CPU.ActiveCfg = Debug|Any CPU
		{C0B0C4CD-B47E-4C8B-A174-6076B2C586F5}.Debug|Any CPU.Build.0 = Debug|Any CPU
		{C0B0C4CD-B47E-4C8B-A174-6076B2C586F5}.Release|Any CPU.ActiveCfg = Release|Any CPU
		{C0B0C4CD-B47E-4C8B-A174-6076B2C586F5}.Release|Any CPU.Build.0 = Release|Any CPU
	EndGlobalSection
	GlobalSection(SolutionProperties) = preSolution
		HideSolutionNode = FALSE
	EndGlobalSection
	GlobalSection(ExtensibilityGlobals) = postSolution
		SolutionGuid = {C9C4B96F-AF2C-4F34-BD1B-99BB8D37D3BA}
	EndGlobalSection
EndGlobal
